
Microsoft Visual Studio Solution File, Format Version 12.00
# Visual Studio Version 16
VisualStudioVersion = 16.0.31005.135
MinimumVisualStudioVersion = 10.0.40219.1
Project("{FAE04EC0-301F-11D3-BF4B-00C04F79EFBC}") = "assignment2_tri", "assignment2_tri.csproj", "{6330243F-DF36-49AB-BED2-9F0121F7686E}"
EndProject
Global
	GlobalSection(SolutionConfigurationPlatforms) = preSolution
		Debug|Any CPU = Debug|Any CPU
		Release|Any CPU = Release|Any CPU
	EndGlobalSection
	GlobalSection(ProjectConfigurationPlatforms) = postSolution
		{6330243F-DF36-49AB-BED2-9F0121F7686E}.Debug|Any CPU.ActiveCfg = Debug|Any CPU
		{6330243F-DF36-49AB-BED2-9F0121F7686E}.Debug|Any CPU.Build.0 = Debug|Any CPU
		{6330243F-DF36-49AB-BED2-9F0121F7686E}.Release|Any CPU.ActiveCfg = Release|Any CPU
		{6330243F-DF36-49AB-BED2-9F0121F7686E}.Release|Any CPU.Build.0 = Release|Any CPU
	EndGlobalSection
	GlobalSection(SolutionProperties) = preSolution
		HideSolutionNode = FALSE
	EndGlobalSection
	GlobalSection(ExtensibilityGlobals) = postSolution
		SolutionGuid = {AC8A651A-E938-4E3F-B14D-BC843119BD23}
	EndGlobalSection
EndGlobal
